# This file was autogenerated by Stack.
# You should not edit this file by hand.
# For more information, please see the documentation at:
#   https://docs.haskellstack.org/en/stable/lock_files

packages:
- completed:
    hackage: random-1.2.1@sha256:8bee24dc0c985a90ee78d94c61f8aed21c49633686f0f1c14c5078d818ee43a2,6598
    pantry-tree:
      size: 1528
      sha256: 8bdc994ce41f43624ab42302a881fe5a0f81d965f5d238841e24943664681a06
  original:
    hackage: random-1.2.1@sha256:8bee24dc0c985a90ee78d94c61f8aed21c49633686f0f1c14c5078d818ee43a2,6598
- completed:
    hackage: simple-get-opt-0.4@sha256:0ba4d32f64b26d30f6182a3fcd88c71d71622035152e726de41e9a46d945b09f,765
    pantry-tree:
      size: 217
      sha256: 5242e0764d38a946b592e2e56c6a27b7ad516d957acaf3448fed2e43f20a6cd7
  original:
    hackage: simple-get-opt-0.4@sha256:0ba4d32f64b26d30f6182a3fcd88c71d71622035152e726de41e9a46d945b09f,765
snapshots:
- completed:
    size: 563099
    url: https://raw.githubusercontent.com/commercialhaskell/stackage-snapshots/master/lts/17/2.yaml
    sha256: 92b1a17e31d0a978fca4bf270305d4d1dd8092271bf60eafbc9349c890854026
  original:
    url: https://raw.githubusercontent.com/commercialhaskell/stackage-snapshots/master/lts/17/2.yaml
